{
  "name": "backend",
  "lockfileVersion": 3,
  "requires": true,
  "packages": {
    "": {
      "dependencies": {
        "chart.js": "^4.5.1",
        "pdfjs-dist": "^5.4.449",
        "react-chartjs-2": "^5.3.1"
      }
    },
    "node_modules/@kurkle/color": {
      "version": "0.3.4",
      "resolved": "https://registry.npmjs.org/@kurkle/color/-/color-0.3.4.tgz",
      "integrity": "sha512-M5UknZPHRu3DEDWoipU6sE8PdkZ6Z/S+v4dD+Ke8IaNlpdSQah50lz1KtcFBa2vsdOnwbbnxJwVM4wty6udA5w==",
      "license": "MIT"
    },
    "node_modules/@napi-rs/canvas": {
      "version": "0.1.87",
      "resolved": "https://registry.npmjs.org/@napi-rs/canvas/-/canvas-0.1.87.tgz",
      "integrity": "sha512-Zb5tePmPMOYBcuNW3NQaVM1sIkvIfel39euiOab/XMjC5Oc/AnPJLa/BacJcToGyIvehecS6eqcsF7i0Wqe1Sw==",
      "license": "MIT",
      "optional": true,
      "workspaces": [
        "e2e/*"
      ],
      "engines": {
        "node": ">= 10"
      },
      "funding": {
        "type": "github",
        "url": "https://github.com/sponsors/Brooooooklyn"
      },
      "optionalDependencies": {
        "@napi-rs/canvas-android-arm64": "0.1.87",
        "@napi-rs/canvas-darwin-arm64": "0.1.87",
        "@napi-rs/canvas-darwin-x64": "0.1.87",
        "@napi-rs/canvas-linux-arm-gnueabihf": "0.1.87",
        "@napi-rs/canvas-linux-arm64-gnu": "0.1.87",
        "@napi-rs/canvas-linux-arm64-musl": "0.1.87",
        "@napi-rs/canvas-linux-riscv64-gnu": "0.1.87",
        "@napi-rs/canvas-linux-x64-gnu": "0.1.87",
        "@napi-rs/canvas-linux-x64-musl": "0.1.87",
        "@napi-rs/canvas-win32-arm64-msvc": "0.1.87",
        "@napi-rs/canvas-win32-x64-msvc": "0.1.87"
      }
    },
    "node_modules/@napi-rs/canvas-android-arm64": {
      "version": "0.1.87",
      "resolved": "https://registry.npmjs.org/@napi-rs/canvas-android-arm64/-/canvas-android-arm64-0.1.87.tgz",
      "integrity": "sha512-uW7NxJXPvZft9fers4oBhdCsBRVe77DLQS3eXEOxndFzGKiwmjIbZpQqj4QPvrg3I0FM3UfHatz1+17P5SeCOQ==",
      "cpu": [
        "arm64"
      ],
      "license": "MIT",
      "optional": true,
      "os": [
        "android"
      ],
      "engines": {
        "node": ">= 10"
      },
      "funding": {
        "type": "github",
        "url": "https://github.com/sponsors/Brooooooklyn"
      }
    },
    "node_modules/@napi-rs/canvas-darwin-arm64": {
      "version": "0.1.87",
      "resolved": "https://registry.npmjs.org/@napi-rs/canvas-darwin-arm64/-/canvas-darwin-arm64-0.1.87.tgz",
      "integrity": "sha512-S6YbpXwajDKLTsYftEqR+Ne1lHpeC78okI3IqctVdFexN31Taprn6mdV4CkPY/4S8eGNuReBHvXNyWbGqBZ1eQ==",
      "cpu": [
        "arm64"
      ],
      "license": "MIT",
      "optional": true,
      "os": [
        "darwin"
      ],
      "engines": {
        "node": ">= 10"
      },
      "funding": {
        "type": "github",
        "url": "https://github.com/sponsors/Brooooooklyn"
      }
    },
    "node_modules/@napi-rs/canvas-darwin-x64": {
      "version": "0.1.87",
      "resolved": "https://registry.npmjs.org/@napi-rs/canvas-darwin-x64/-/canvas-darwin-x64-0.1.87.tgz",
      "integrity": "sha512-OJLwP2WIUmRSqWTyV/NZ2TnvBzUsbNqQu6IL7oshwfxYg4BELPV279wrfQ/xZFqzr7wybfIzKaPF4du5ZdA2Cg==",
      "cpu": [
        "x64"
      ],
      "license": "MIT",
      "optional": true,
      "os": [
        "darwin"
      ],
      "engines": {
        "node": ">= 10"
      },
      "funding": {
        "type": "github",
        "url": "https://github.com/sponsors/Brooooooklyn"
      }
    },
    "node_modules/@napi-rs/canvas-linux-arm-gnueabihf": {
      "version": "0.1.87",
      "resolved": "https://registry.npmjs.org/@napi-rs/canvas-linux-arm-gnueabihf/-/canvas-linux-arm-gnueabihf-0.1.87.tgz",
      "integrity": "sha512-Io3tY6ogc+oyvIGK9rQlnfH4gKiS35P7W6s22x3WCrLFR0dXzZP2IBBoEFEHd6FY6FR1ky5u9cRmADaiLRdX3g==",
      "cpu": [
        "arm"
      ],
      "license": "MIT",
      "optional": true,
      "os": [
        "linux"
      ],
      "engines": {
        "node": ">= 10"
      },
      "funding": {
        "type": "github",
        "url": "https://github.com/sponsors/Brooooooklyn"
      }
    },
    "node_modules/@napi-rs/canvas-linux-arm64-gnu": {
      "version": "0.1.87",
      "resolved": "https://registry.npmjs.org/@napi-rs/canvas-linux-arm64-gnu/-/canvas-linux-arm64-gnu-0.1.87.tgz",
      "integrity": "sha512-Zq7h/PQzs37gaSR/gNRZOAaCC1kGt6NmDjA1PcqpONITh/rAfAwAeP98emrbBJ4FDoPkYRkxmxHlmXNLlsQIBw==",
      "cpu": [
        "arm64"
      ],
      "license": "MIT",
      "optional": true,
      "os": [
        "linux"
      ],
      "engines": {
        "node": ">= 10"
      },
      "funding": {
        "type": "github",
        "url": "https://github.com/sponsors/Brooooooklyn"
      }
    },
    "node_modules/@napi-rs/canvas-linux-arm64-musl": {
      "version": "0.1.87",
      "resolved": "https://registry.npmjs.org/@napi-rs/canvas-linux-arm64-musl/-/canvas-linux-arm64-musl-0.1.87.tgz",
      "integrity": "sha512-CUa5YJjpsFcUxJbtfoQ4bqO/Rq+JU/2RfTNFxx07q1AjuDjCM8+MOOLCvVOV1z3qhl6nKAtjJT0pA0J8EbnK8Q==",
      "cpu": [
        "arm64"
      ],
      "license": "MIT",
      "optional": true,
      "os": [
        "linux"
      ],
      "engines": {
        "node": ">= 10"
      },
      "funding": {
        "type": "github",
        "url": "https://github.com/sponsors/Brooooooklyn"
      }
    },
    "node_modules/@napi-rs/canvas-linux-riscv64-gnu": {
      "version": "0.1.87",
      "resolved": "https://registry.npmjs.org/@napi-rs/canvas-linux-riscv64-gnu/-/canvas-linux-riscv64-gnu-0.1.87.tgz",
      "integrity": "sha512-5KM4dBFEzFMNkJV2rheIQWpd+mRZA7VNDnxTT7nsCEf6DUjUnf6Hssq9bAwjVYTe4jqraDHbWRbF4uXLBLRFJg==",
      "cpu": [
        "riscv64"
      ],
      "license": "MIT",
      "optional": true,
      "os": [
        "linux"
      ],
      "engines": {
        "node": ">= 10"
      },
      "funding": {
        "type": "github",
        "url": "https://github.com/sponsors/Brooooooklyn"
      }
    },
    "node_modules/@napi-rs/canvas-linux-x64-gnu": {
      "version": "0.1.87",
      "resolved": "https://registry.npmjs.org/@napi-rs/canvas-linux-x64-gnu/-/canvas-linux-x64-gnu-0.1.87.tgz",
      "integrity": "sha512-zSv+ozz9elT5YhocyogX5LwVYURChO4QGD6CQIW6OnuNA0UOMDD/b4wDzlJiMphISy3EVTntlKFhe4W3EuKcxw==",
      "cpu": [
        "x64"
      ],
      "license": "MIT",
      "optional": true,
      "os": [
        "linux"
      ],
      "engines": {
        "node": ">= 10"
      },
      "funding": {
        "type": "github",
        "url": "https://github.com/sponsors/Brooooooklyn"
      }
    },
    "node_modules/@napi-rs/canvas-linux-x64-musl": {
      "version": "0.1.87",
      "resolved": "https://registry.npmjs.org/@napi-rs/canvas-linux-x64-musl/-/canvas-linux-x64-musl-0.1.87.tgz",
      "integrity": "sha512-jTNmicAZQ70X+cbjZz6G6w8lmORwxRBmj/U20ECNYvcWVLshgyCKWPFL2I0Z6pkJve0vZWls6oZ15iccm1sv8w==",
      "cpu": [
        "x64"
      ],
      "license": "MIT",
      "optional": true,
      "os": [
        "linux"
      ],
      "engines": {
        "node": ">= 10"
      },
      "funding": {
        "type": "github",
        "url": "https://github.com/sponsors/Brooooooklyn"
      }
    },
    "node_modules/@napi-rs/canvas-win32-arm64-msvc": {
      "version": "0.1.87",
      "resolved": "https://registry.npmjs.org/@napi-rs/canvas-win32-arm64-msvc/-/canvas-win32-arm64-msvc-0.1.87.tgz",
      "integrity": "sha512-p6J7UNAxKHYc7AL0glEtYuW/E0OLLUNnLti8dA2OT51p08Il4T7yZCl+iNo6f73HntFP+dgOHh2cTXUhmk8GuA==",
      "cpu": [
        "arm64"
      ],
      "license": "MIT",
      "optional": true,
      "os": [
        "win32"
      ],
      "engines": {
        "node": ">= 10"
      },
      "funding": {
        "type": "github",
        "url": "https://github.com/sponsors/Brooooooklyn"
      }
    },
    "node_modules/@napi-rs/canvas-win32-x64-msvc": {
      "version": "0.1.87",
      "resolved": "https://registry.npmjs.org/@napi-rs/canvas-win32-x64-msvc/-/canvas-win32-x64-msvc-0.1.87.tgz",
      "integrity": "sha512-WrwfETMLBRFWkGU8fXU50gCpA2eIjR4NE9JyTKl86Kz5g6SDp0CcuqS2phYtB66TI2HDUhTPbNrk4V7Qf1FOLA==",
      "cpu": [
        "x64"
      ],
      "license": "MIT",
      "optional": true,
      "os": [
        "win32"
      ],
      "engines": {
        "node": ">= 10"
      },
      "funding": {
        "type": "github",
        "url": "https://github.com/sponsors/Brooooooklyn"
      }
    },
    "node_modules/chart.js": {
      "version": "4.5.1",
      "resolved": "https://registry.npmjs.org/chart.js/-/chart.js-4.5.1.tgz",
      "integrity": "sha512-GIjfiT9dbmHRiYi6Nl2yFCq7kkwdkp1W/lp2J99rX0yo9tgJGn3lKQATztIjb5tVtevcBtIdICNWqlq5+E8/Pw==",
      "license": "MIT",
      "peer": true,
      "dependencies": {
        "@kurkle/color": "^0.3.0"
      },
      "engines": {
        "pnpm": ">=8"
      }
    },
    "node_modules/pdfjs-dist": {
      "version": "5.4.449",
      "resolved": "https://registry.npmjs.org/pdfjs-dist/-/pdfjs-dist-5.4.449.tgz",
      "integrity": "sha512-CegnUaT0QwAyQMS+7o2POr4wWUNNe8VaKKlcuoRHeYo98cVnqPpwOXNSx6Trl6szH02JrRcsPgletV6GmF3LtQ==",
      "license": "Apache-2.0",
      "engines": {
        "node": ">=20.16.0 || >=22.3.0"
      },
      "optionalDependencies": {
        "@napi-rs/canvas": "^0.1.81"
      }
    },
    "node_modules/react": {
      "version": "19.2.3",
      "resolved": "https://registry.npmjs.org/react/-/react-19.2.3.tgz",
      "integrity": "sha512-Ku/hhYbVjOQnXDZFv2+RibmLFGwFdeeKHFcOTlrt7xplBnya5OGn/hIRDsqDiSUcfORsDC7MPxwork8jBwsIWA==",
      "license": "MIT",
      "peer": true,
      "engines": {
        "node": ">=0.10.0"
      }
    },
    "node_modules/react-chartjs-2": {
      "version": "5.3.1",
      "resolved": "https://registry.npmjs.org/react-chartjs-2/-/react-chartjs-2-5.3.1.tgz",
      "integrity": "sha512-h5IPXKg9EXpjoBzUfyWJvllMjG2mQ4EiuHQFhms/AjUm0XSZHhyRy2xVmLXHKrtcdrPO4mnGqRtYoD0vp95A0A==",
      "license": "MIT",
      "peerDependencies": {
        "chart.js": "^4.1.1",
        "react": "^16.8.0 || ^17.0.0 || ^18.0.0 || ^19.0.0"
      }
    }
  }
}
